
Microsoft Visual Studio Solution File, Format Version 12.00
# Visual Studio Version 17
VisualStudioVersion = 17.11.35312.102
MinimumVisualStudioVersion = 10.0.40219.1
Project("{FAE04EC0-301F-11D3-BF4B-00C04F79EFBC}") = "hw6", "hw6.csproj", "{740BD39B-97F3-42B0-AEAF-AD26DEFF3A9B}"
EndProject
Global
	GlobalSection(SolutionConfigurationPlatforms) = preSolution
		Debug|Any CPU = Debug|Any CPU
		Release|Any CPU = Release|Any CPU
	EndGlobalSection
	GlobalSection(ProjectConfigurationPlatforms) = postSolution
		{740BD39B-97F3-42B0-AEAF-AD26DEFF3A9B}.Debug|Any CPU.ActiveCfg = Debug|Any CPU
		{740BD39B-97F3-42B0-AEAF-AD26DEFF3A9B}.Debug|Any CPU.Build.0 = Debug|Any CPU
		{740BD39B-97F3-42B0-AEAF-AD26DEFF3A9B}.Release|Any CPU.ActiveCfg = Release|Any CPU
		{740BD39B-97F3-42B0-AEAF-AD26DEFF3A9B}.Release|Any CPU.Build.0 = Release|Any CPU
	EndGlobalSection
	GlobalSection(SolutionProperties) = preSolution
		HideSolutionNode = FALSE
	EndGlobalSection
	GlobalSection(ExtensibilityGlobals) = postSolution
		SolutionGuid = {35ABD0E4-B2EE-48A5-8B37-379E0C5F1003}
	EndGlobalSection
EndGlobal
